
Microsoft Visual Studio Solution File, Format Version 12.00
# Visual Studio Version 17
VisualStudioVersion = 17.4.33110.190
MinimumVisualStudioVersion = 10.0.40219.1
Project("{FAE04EC0-301F-11D3-BF4B-00C04F79EFBC}") = "TranslatorApi", "TranslatorApi\TranslatorApi.csproj", "{09A415EC-43B7-4280-9807-98D55D56F409}"
EndProject
Project("{FAE04EC0-301F-11D3-BF4B-00C04F79EFBC}") = "Translator.Domain", "Translator.Domain\Translator.Domain.csproj", "{FBFA1D1E-EE5C-4F95-A5DA-43A317D4B58B}"
EndProject
Project("{FAE04EC0-301F-11D3-BF4B-00C04F79EFBC}") = "Translator.Adapters", "Translator.Adapters\Translator.Adapters.csproj", "{941D85DA-CC80-4A20-B879-27FDD5552828}"
EndProject
Global
	GlobalSection(SolutionConfigurationPlatforms) = preSolution
		Debug|Any CPU = Debug|Any CPU
		Release|Any CPU = Release|Any CPU
	EndGlobalSection
	GlobalSection(ProjectConfigurationPlatforms) = postSolution
		{09A415EC-43B7-4280-9807-98D55D56F409}.Debug|Any CPU.ActiveCfg = Debug|Any CPU
		{09A415EC-43B7-4280-9807-98D55D56F409}.Debug|Any CPU.Build.0 = Debug|Any CPU
		{09A415EC-43B7-4280-9807-98D55D56F409}.Release|Any CPU.ActiveCfg = Release|Any CPU
		{09A415EC-43B7-4280-9807-98D55D56F409}.Release|Any CPU.Build.0 = Release|Any CPU
		{FBFA1D1E-EE5C-4F95-A5DA-43A317D4B58B}.Debug|Any CPU.ActiveCfg = Debug|Any CPU
		{FBFA1D1E-EE5C-4F95-A5DA-43A317D4B58B}.Debug|Any CPU.Build.0 = Debug|Any CPU
		{FBFA1D1E-EE5C-4F95-A5DA-43A317D4B58B}.Release|Any CPU.ActiveCfg = Release|Any CPU
		{FBFA1D1E-EE5C-4F95-A5DA-43A317D4B58B}.Release|Any CPU.Build.0 = Release|Any CPU
		{941D85DA-CC80-4A20-B879-27FDD5552828}.Debug|Any CPU.ActiveCfg = Debug|Any CPU
		{941D85DA-CC80-4A20-B879-27FDD5552828}.Debug|Any CPU.Build.0 = Debug|Any CPU
		{941D85DA-CC80-4A20-B879-27FDD5552828}.Release|Any CPU.ActiveCfg = Release|Any CPU
		{941D85DA-CC80-4A20-B879-27FDD5552828}.Release|Any CPU.Build.0 = Release|Any CPU
	EndGlobalSection
	GlobalSection(SolutionProperties) = preSolution
		HideSolutionNode = FALSE
	EndGlobalSection
	GlobalSection(ExtensibilityGlobals) = postSolution
		SolutionGuid = {F3FD45DB-E278-4E01-879F-A5C1F4B10B94}
	EndGlobalSection
EndGlobal
